
Microsoft Visual Studio Solution File, Format Version 12.00
# Visual Studio Version 16
VisualStudioVersion = 16.0.30804.86
MinimumVisualStudioVersion = 10.0.40219.1
Project("{9A19103F-16F7-4668-BE54-9A1E7A4F7556}") = "Mera.WordCounter.Server", "Mera.WordCounter\Server\Mera.WordCounter.Server.csproj", "{BD4CCAD8-9735-406E-BC16-1469C03F5837}"
EndProject
Project("{9A19103F-16F7-4668-BE54-9A1E7A4F7556}") = "Mera.WordCounter.Client", "Mera.WordCounter\Client\Mera.WordCounter.Client.csproj", "{718B4C5A-FA01-4EEC-90F1-6F9B4D1C507B}"
EndProject
Project("{9A19103F-16F7-4668-BE54-9A1E7A4F7556}") = "Mera.WordCounter.Shared", "Mera.WordCounter\Shared\Mera.WordCounter.Shared.csproj", "{01AFC6F7-F08D-4039-B56F-4891ADA7EAE2}"
EndProject
Project("{9A19103F-16F7-4668-BE54-9A1E7A4F7556}") = "Mera.WordCounter.Server.Tests", "Mera.WordCounter\Server.Tests\Mera.WordCounter.Server.Tests.csproj", "{5709A6A1-A9B0-45CA-ADFD-21C749C37BA4}"
EndProject
Global
	GlobalSection(SolutionConfigurationPlatforms) = preSolution
		Debug|Any CPU = Debug|Any CPU
		Release|Any CPU = Release|Any CPU
	EndGlobalSection
	GlobalSection(ProjectConfigurationPlatforms) = postSolution
		{BD4CCAD8-9735-406E-BC16-1469C03F5837}.Debug|Any CPU.ActiveCfg = Debug|Any CPU
		{BD4CCAD8-9735-406E-BC16-1469C03F5837}.Debug|Any CPU.Build.0 = Debug|Any CPU
		{BD4CCAD8-9735-406E-BC16-1469C03F5837}.Release|Any CPU.ActiveCfg = Release|Any CPU
		{BD4CCAD8-9735-406E-BC16-1469C03F5837}.Release|Any CPU.Build.0 = Release|Any CPU
		{718B4C5A-FA01-4EEC-90F1-6F9B4D1C507B}.Debug|Any CPU.ActiveCfg = Debug|Any CPU
		{718B4C5A-FA01-4EEC-90F1-6F9B4D1C507B}.Debug|Any CPU.Build.0 = Debug|Any CPU
		{718B4C5A-FA01-4EEC-90F1-6F9B4D1C507B}.Release|Any CPU.ActiveCfg = Release|Any CPU
		{718B4C5A-FA01-4EEC-90F1-6F9B4D1C507B}.Release|Any CPU.Build.0 = Release|Any CPU
		{01AFC6F7-F08D-4039-B56F-4891ADA7EAE2}.Debug|Any CPU.ActiveCfg = Debug|Any CPU
		{01AFC6F7-F08D-4039-B56F-4891ADA7EAE2}.Debug|Any CPU.Build.0 = Debug|Any CPU
		{01AFC6F7-F08D-4039-B56F-4891ADA7EAE2}.Release|Any CPU.ActiveCfg = Release|Any CPU
		{01AFC6F7-F08D-4039-B56F-4891ADA7EAE2}.Release|Any CPU.Build.0 = Release|Any CPU
		{5709A6A1-A9B0-45CA-ADFD-21C749C37BA4}.Debug|Any CPU.ActiveCfg = Debug|Any CPU
		{5709A6A1-A9B0-45CA-ADFD-21C749C37BA4}.Debug|Any CPU.Build.0 = Debug|Any CPU
		{5709A6A1-A9B0-45CA-ADFD-21C749C37BA4}.Release|Any CPU.ActiveCfg = Release|Any CPU
		{5709A6A1-A9B0-45CA-ADFD-21C749C37BA4}.Release|Any CPU.Build.0 = Release|Any CPU
	EndGlobalSection
	GlobalSection(SolutionProperties) = preSolution
		HideSolutionNode = FALSE
	EndGlobalSection
	GlobalSection(ExtensibilityGlobals) = postSolution
		SolutionGuid = {53DD1F34-35C7-4447-A639-FBD9FED007A3}
	EndGlobalSection
EndGlobal
